
Microsoft Visual Studio Solution File, Format Version 12.00
# Visual Studio Version 16
VisualStudioVersion = 16.0.30204.135
MinimumVisualStudioVersion = 10.0.40219.1
Project("{9A19103F-16F7-4668-BE54-9A1E7A4F7556}") = "Portfolio.Server", "Portfolio\Server\Portfolio.Server.csproj", "{41D84013-2576-4D8E-9AE0-7AACF8CBD1B8}"
EndProject
Project("{9A19103F-16F7-4668-BE54-9A1E7A4F7556}") = "Portfolio.Client", "Portfolio\Client\Portfolio.Client.csproj", "{FABF570D-B009-4FB4-9F88-0438F0E91772}"
EndProject
Project("{9A19103F-16F7-4668-BE54-9A1E7A4F7556}") = "Portfolio.Shared", "Portfolio\Shared\Portfolio.Shared.csproj", "{54420EDC-CAF0-4966-A1CE-ACC64D30D0AE}"
EndProject
Global
	GlobalSection(SolutionConfigurationPlatforms) = preSolution
		Debug|Any CPU = Debug|Any CPU
		Release|Any CPU = Release|Any CPU
	EndGlobalSection
	GlobalSection(ProjectConfigurationPlatforms) = postSolution
		{41D84013-2576-4D8E-9AE0-7AACF8CBD1B8}.Debug|Any CPU.ActiveCfg = Debug|Any CPU
		{41D84013-2576-4D8E-9AE0-7AACF8CBD1B8}.Debug|Any CPU.Build.0 = Debug|Any CPU
		{41D84013-2576-4D8E-9AE0-7AACF8CBD1B8}.Release|Any CPU.ActiveCfg = Release|Any CPU
		{41D84013-2576-4D8E-9AE0-7AACF8CBD1B8}.Release|Any CPU.Build.0 = Release|Any CPU
		{FABF570D-B009-4FB4-9F88-0438F0E91772}.Debug|Any CPU.ActiveCfg = Debug|Any CPU
		{FABF570D-B009-4FB4-9F88-0438F0E91772}.Debug|Any CPU.Build.0 = Debug|Any CPU
		{FABF570D-B009-4FB4-9F88-0438F0E91772}.Release|Any CPU.ActiveCfg = Release|Any CPU
		{FABF570D-B009-4FB4-9F88-0438F0E91772}.Release|Any CPU.Build.0 = Release|Any CPU
		{54420EDC-CAF0-4966-A1CE-ACC64D30D0AE}.Debug|Any CPU.ActiveCfg = Debug|Any CPU
		{54420EDC-CAF0-4966-A1CE-ACC64D30D0AE}.Debug|Any CPU.Build.0 = Debug|Any CPU
		{54420EDC-CAF0-4966-A1CE-ACC64D30D0AE}.Release|Any CPU.ActiveCfg = Release|Any CPU
		{54420EDC-CAF0-4966-A1CE-ACC64D30D0AE}.Release|Any CPU.Build.0 = Release|Any CPU
	EndGlobalSection
	GlobalSection(SolutionProperties) = preSolution
		HideSolutionNode = FALSE
	EndGlobalSection
	GlobalSection(ExtensibilityGlobals) = postSolution
		SolutionGuid = {188133D5-9134-4B73-B795-BBE86A63E3FC}
	EndGlobalSection
EndGlobal
